
Microsoft Visual Studio Solution File, Format Version 12.00
# Visual Studio Version 16
VisualStudioVersion = 16.0.29418.71
MinimumVisualStudioVersion = 10.0.40219.1
Project("{FAE04EC0-301F-11D3-BF4B-00C04F79EFBC}") = "Task01", "Task01\Task01.csproj", "{62093833-90A2-4F56-B936-F9EFF567BCA9}"
EndProject
Global
	GlobalSection(SolutionConfigurationPlatforms) = preSolution
		Debug|Any CPU = Debug|Any CPU
		Release|Any CPU = Release|Any CPU
	EndGlobalSection
	GlobalSection(ProjectConfigurationPlatforms) = postSolution
		{62093833-90A2-4F56-B936-F9EFF567BCA9}.Debug|Any CPU.ActiveCfg = Debug|Any CPU
		{62093833-90A2-4F56-B936-F9EFF567BCA9}.Debug|Any CPU.Build.0 = Debug|Any CPU
		{62093833-90A2-4F56-B936-F9EFF567BCA9}.Release|Any CPU.ActiveCfg = Release|Any CPU
		{62093833-90A2-4F56-B936-F9EFF567BCA9}.Release|Any CPU.Build.0 = Release|Any CPU
	EndGlobalSection
	GlobalSection(SolutionProperties) = preSolution
		HideSolutionNode = FALSE
	EndGlobalSection
	GlobalSection(ExtensibilityGlobals) = postSolution
		SolutionGuid = {256688A6-0318-43C1-B804-AC675C26D7C7}
	EndGlobalSection
EndGlobal
