
Microsoft Visual Studio Solution File, Format Version 12.00
# Visual Studio Version 16
VisualStudioVersion = 16.0.30517.126
MinimumVisualStudioVersion = 10.0.40219.1
Project("{FAE04EC0-301F-11D3-BF4B-00C04F79EFBC}") = "Task05.2", "Task05.2\Task05.2.csproj", "{60373D7B-A535-4702-A1CA-8CC3B5DC1F8D}"
EndProject
Global
	GlobalSection(SolutionConfigurationPlatforms) = preSolution
		Debug|Any CPU = Debug|Any CPU
		Release|Any CPU = Release|Any CPU
	EndGlobalSection
	GlobalSection(ProjectConfigurationPlatforms) = postSolution
		{60373D7B-A535-4702-A1CA-8CC3B5DC1F8D}.Debug|Any CPU.ActiveCfg = Debug|Any CPU
		{60373D7B-A535-4702-A1CA-8CC3B5DC1F8D}.Debug|Any CPU.Build.0 = Debug|Any CPU
		{60373D7B-A535-4702-A1CA-8CC3B5DC1F8D}.Release|Any CPU.ActiveCfg = Release|Any CPU
		{60373D7B-A535-4702-A1CA-8CC3B5DC1F8D}.Release|Any CPU.Build.0 = Release|Any CPU
	EndGlobalSection
	GlobalSection(SolutionProperties) = preSolution
		HideSolutionNode = FALSE
	EndGlobalSection
	GlobalSection(ExtensibilityGlobals) = postSolution
		SolutionGuid = {DAE64129-A86B-44DE-9B39-F170FBCBA869}
	EndGlobalSection
EndGlobal
