
Microsoft Visual Studio Solution File, Format Version 12.00
# Visual Studio Version 16
VisualStudioVersion = 16.0.30517.126
MinimumVisualStudioVersion = 10.0.40219.1
Project("{FAE04EC0-301F-11D3-BF4B-00C04F79EFBC}") = "FunctionMethod", "FunctionMethod\FunctionMethod.csproj", "{71873EBE-E674-4720-BBEA-2CC0AE5CCE47}"
EndProject
Global
	GlobalSection(SolutionConfigurationPlatforms) = preSolution
		Debug|Any CPU = Debug|Any CPU
		Release|Any CPU = Release|Any CPU
	EndGlobalSection
	GlobalSection(ProjectConfigurationPlatforms) = postSolution
		{71873EBE-E674-4720-BBEA-2CC0AE5CCE47}.Debug|Any CPU.ActiveCfg = Debug|Any CPU
		{71873EBE-E674-4720-BBEA-2CC0AE5CCE47}.Debug|Any CPU.Build.0 = Debug|Any CPU
		{71873EBE-E674-4720-BBEA-2CC0AE5CCE47}.Release|Any CPU.ActiveCfg = Release|Any CPU
		{71873EBE-E674-4720-BBEA-2CC0AE5CCE47}.Release|Any CPU.Build.0 = Release|Any CPU
	EndGlobalSection
	GlobalSection(SolutionProperties) = preSolution
		HideSolutionNode = FALSE
	EndGlobalSection
	GlobalSection(ExtensibilityGlobals) = postSolution
		SolutionGuid = {00DE5027-9D4B-4F9A-8BE1-9180608679B3}
	EndGlobalSection
EndGlobal
