
Microsoft Visual Studio Solution File, Format Version 12.00
# Visual Studio Version 16
VisualStudioVersion = 16.0.30517.126
MinimumVisualStudioVersion = 10.0.40219.1
Project("{FAE04EC0-301F-11D3-BF4B-00C04F79EFBC}") = "Chessboard", "Chessboard\Chessboard.csproj", "{C64327BF-95CF-40B9-A72A-AC1CC9C61457}"
EndProject
Global
	GlobalSection(SolutionConfigurationPlatforms) = preSolution
		Debug|Any CPU = Debug|Any CPU
		Release|Any CPU = Release|Any CPU
	EndGlobalSection
	GlobalSection(ProjectConfigurationPlatforms) = postSolution
		{C64327BF-95CF-40B9-A72A-AC1CC9C61457}.Debug|Any CPU.ActiveCfg = Debug|Any CPU
		{C64327BF-95CF-40B9-A72A-AC1CC9C61457}.Debug|Any CPU.Build.0 = Debug|Any CPU
		{C64327BF-95CF-40B9-A72A-AC1CC9C61457}.Release|Any CPU.ActiveCfg = Release|Any CPU
		{C64327BF-95CF-40B9-A72A-AC1CC9C61457}.Release|Any CPU.Build.0 = Release|Any CPU
	EndGlobalSection
	GlobalSection(SolutionProperties) = preSolution
		HideSolutionNode = FALSE
	EndGlobalSection
	GlobalSection(ExtensibilityGlobals) = postSolution
		SolutionGuid = {20C055B5-4C37-44F5-A946-2D69B3D6241C}
	EndGlobalSection
EndGlobal
