
Microsoft Visual Studio Solution File, Format Version 12.00
# Visual Studio Version 16
VisualStudioVersion = 16.0.30517.126
MinimumVisualStudioVersion = 10.0.40219.1
Project("{FAE04EC0-301F-11D3-BF4B-00C04F79EFBC}") = "Task09", "Task09\Task09.csproj", "{A562A85D-93D5-4F94-942A-1210BC7B8378}"
EndProject
Global
	GlobalSection(SolutionConfigurationPlatforms) = preSolution
		Debug|Any CPU = Debug|Any CPU
		Release|Any CPU = Release|Any CPU
	EndGlobalSection
	GlobalSection(ProjectConfigurationPlatforms) = postSolution
		{A562A85D-93D5-4F94-942A-1210BC7B8378}.Debug|Any CPU.ActiveCfg = Debug|Any CPU
		{A562A85D-93D5-4F94-942A-1210BC7B8378}.Debug|Any CPU.Build.0 = Debug|Any CPU
		{A562A85D-93D5-4F94-942A-1210BC7B8378}.Release|Any CPU.ActiveCfg = Release|Any CPU
		{A562A85D-93D5-4F94-942A-1210BC7B8378}.Release|Any CPU.Build.0 = Release|Any CPU
	EndGlobalSection
	GlobalSection(SolutionProperties) = preSolution
		HideSolutionNode = FALSE
	EndGlobalSection
	GlobalSection(ExtensibilityGlobals) = postSolution
		SolutionGuid = {24857579-796E-4460-9930-F277B2E5A895}
	EndGlobalSection
EndGlobal
